
Microsoft Visual Studio Solution File, Format Version 12.00
# Visual Studio Version 17
VisualStudioVersion = 17.6.33815.320
MinimumVisualStudioVersion = 10.0.40219.1
Project("{9A19103F-16F7-4668-BE54-9A1E7A4F7556}") = "tp3JordanCoutureLafranchise", "tp2JordanCoutureLafranchise\tp3JordanCoutureLafranchise.csproj", "{84FBB5A8-EA8A-4FC1-83AE-DC64E4668499}"
EndProject
Global
	GlobalSection(SolutionConfigurationPlatforms) = preSolution
		Debug|Any CPU = Debug|Any CPU
		Release|Any CPU = Release|Any CPU
	EndGlobalSection
	GlobalSection(ProjectConfigurationPlatforms) = postSolution
		{84FBB5A8-EA8A-4FC1-83AE-DC64E4668499}.Debug|Any CPU.ActiveCfg = Debug|Any CPU
		{84FBB5A8-EA8A-4FC1-83AE-DC64E4668499}.Debug|Any CPU.Build.0 = Debug|Any CPU
		{84FBB5A8-EA8A-4FC1-83AE-DC64E4668499}.Release|Any CPU.ActiveCfg = Release|Any CPU
		{84FBB5A8-EA8A-4FC1-83AE-DC64E4668499}.Release|Any CPU.Build.0 = Release|Any CPU
	EndGlobalSection
	GlobalSection(SolutionProperties) = preSolution
		HideSolutionNode = FALSE
	EndGlobalSection
	GlobalSection(ExtensibilityGlobals) = postSolution
		SolutionGuid = {BD8D3283-4D2B-463B-B4BF-EA737D1E135A}
	EndGlobalSection
EndGlobal
